
Microsoft Visual Studio Solution File, Format Version 12.00
# Visual Studio Version 17
VisualStudioVersion = 17.2.32616.157
MinimumVisualStudioVersion = 10.0.40219.1
Project("{FAE04EC0-301F-11D3-BF4B-00C04F79EFBC}") = "WebApiTask", "WebApiTask\WebApiTask.csproj", "{783C26EE-A94D-482F-955B-DE85B9CF65DF}"
EndProject
Global
	GlobalSection(SolutionConfigurationPlatforms) = preSolution
		Debug|Any CPU = Debug|Any CPU
		Release|Any CPU = Release|Any CPU
	EndGlobalSection
	GlobalSection(ProjectConfigurationPlatforms) = postSolution
		{783C26EE-A94D-482F-955B-DE85B9CF65DF}.Debug|Any CPU.ActiveCfg = Debug|Any CPU
		{783C26EE-A94D-482F-955B-DE85B9CF65DF}.Debug|Any CPU.Build.0 = Debug|Any CPU
		{783C26EE-A94D-482F-955B-DE85B9CF65DF}.Release|Any CPU.ActiveCfg = Release|Any CPU
		{783C26EE-A94D-482F-955B-DE85B9CF65DF}.Release|Any CPU.Build.0 = Release|Any CPU
	EndGlobalSection
	GlobalSection(SolutionProperties) = preSolution
		HideSolutionNode = FALSE
	EndGlobalSection
	GlobalSection(ExtensibilityGlobals) = postSolution
		SolutionGuid = {47F3688D-0680-44CE-B7A5-266FBD725A1F}
	EndGlobalSection
EndGlobal
